
Microsoft Visual Studio Solution File, Format Version 12.00
# Visual Studio Version 16
VisualStudioVersion = 16.0.30907.101
MinimumVisualStudioVersion = 10.0.40219.1
Project("{FAE04EC0-301F-11D3-BF4B-00C04F79EFBC}") = "DapperORM", "DapperORM\DapperORM.csproj", "{0B026546-D378-4552-873C-9DEB3C3AD4A0}"
EndProject
Global
	GlobalSection(SolutionConfigurationPlatforms) = preSolution
		Debug|Any CPU = Debug|Any CPU
		Release|Any CPU = Release|Any CPU
	EndGlobalSection
	GlobalSection(ProjectConfigurationPlatforms) = postSolution
		{0B026546-D378-4552-873C-9DEB3C3AD4A0}.Debug|Any CPU.ActiveCfg = Debug|Any CPU
		{0B026546-D378-4552-873C-9DEB3C3AD4A0}.Debug|Any CPU.Build.0 = Debug|Any CPU
		{0B026546-D378-4552-873C-9DEB3C3AD4A0}.Release|Any CPU.ActiveCfg = Release|Any CPU
		{0B026546-D378-4552-873C-9DEB3C3AD4A0}.Release|Any CPU.Build.0 = Release|Any CPU
	EndGlobalSection
	GlobalSection(SolutionProperties) = preSolution
		HideSolutionNode = FALSE
	EndGlobalSection
	GlobalSection(ExtensibilityGlobals) = postSolution
		SolutionGuid = {ADA67D2D-B864-48B9-8CC3-F8585549A22B}
	EndGlobalSection
EndGlobal
